<?xml version="1.0" encoding="utf-8"?>
<Project ToolsVersion="4.0" xmlns="http://schemas.microsoft.com/developer/msbuild/2003">
  <ItemGroup>
    <Filter Include="FrameWork">
      <UniqueIdentifier>{197b388b-ceee-4cc5-84c9-8fa7dd6cc7a9}</UniqueIdentifier>
    </Filter>
    <Filter Include="FrameWork\Scenes">
      <UniqueIdentifier>{38454f69-4d64-4130-ae8e-c136925d0f50}</UniqueIdentifier>
    </Filter>
    <Filter Include="FrameWork\Objects">
      <UniqueIdentifier>{0ad4cd95-31c2-4f7d-934a-ac80a4dd866c}</UniqueIdentifier>
    </Filter>
    <Filter Include="FrameWork\Objects\Player">
      <UniqueIdentifier>{7cadc00b-5477-4709-b25a-ee30590a5475}</UniqueIdentifier>
    </Filter>
    <Filter Include="FrameWork\Objects\Player\PlayerBullet">
      <UniqueIdentifier>{99eae75a-1168-4f1c-bf17-72b9d556cfb9}</UniqueIdentifier>
    </Filter>
    <Filter Include="FrameWork\Objects\Items">
      <UniqueIdentifier>{e36e7561-0c3b-435a-8a6d-28e65c1b4d35}</UniqueIdentifier>
    </Filter>
    <Filter Include="FrameWork\Objects\Items\BloodItem">
      <UniqueIdentifier>{43546aae-11c8-4ddc-bcec-b6b7b3efcc7c}</UniqueIdentifier>
    </Filter>
    <Filter Include="FrameWork\Objects\Enemies">
      <UniqueIdentifier>{94f18298-9b91-4f56-9796-8d74e3307c94}</UniqueIdentifier>
    </Filter>
    <Filter Include="FrameWork\Objects\Enemies\Gunner">
      <UniqueIdentifier>{a1962c1c-dbc2-4392-99bf-4b35fad6157e}</UniqueIdentifier>
    </Filter>
    <Filter Include="FrameWork\Objects\Enemies\Gunner\GunnerState">
      <UniqueIdentifier>{cab855f3-201f-4bd2-8e1e-28e18f66f1e1}</UniqueIdentifier>
    </Filter>
    <Filter Include="FrameWork\Objects\Enemies\Gunner\GunnerState\GunnerAttack">
      <UniqueIdentifier>{f6c4f005-9463-4035-9858-06f8f23c01e1}</UniqueIdentifier>
    </Filter>
    <Filter Include="FrameWork\Objects\Enemies\Gunner\GunnerState\GunnerDie">
      <UniqueIdentifier>{417a1f48-6664-433a-a22d-1cb92ee791b8}</UniqueIdentifier>
    </Filter>
    <Filter Include="FrameWork\Objects\Enemies\Gunner\GunnerState\GunnerFall">
      <UniqueIdentifier>{0e1dbf53-ed56-4656-8043-9921f9830947}</UniqueIdentifier>
    </Filter>
    <Filter Include="FrameWork\Objects\Enemies\Gunner\GunnerState\GunnerStand">
      <UniqueIdentifier>{f6b3e99e-7bac-4e31-b7a4-fd38eb406ae5}</UniqueIdentifier>
    </Filter>
    <Filter Include="FrameWork\Objects\Enemies\Gunner\GunnerBullet">
      <UniqueIdentifier>{dab46890-65df-400c-9622-6b11cb97ae73}</UniqueIdentifier>
    </Filter>
    <Filter Include="FrameWork\Objects\Enemies\Banger">
      <UniqueIdentifier>{788385f0-9176-4c4b-a8c0-23a718a25e70}</UniqueIdentifier>
    </Filter>
    <Filter Include="FrameWork\Objects\Enemies\Banger\BangerBullet">
      <UniqueIdentifier>{bd8cd9ec-08e9-47f6-9eb2-9fafb61d8b33}</UniqueIdentifier>
    </Filter>
    <Filter Include="FrameWork\Objects\Enemies\Banger\BangerState">
      <UniqueIdentifier>{af754cee-7f30-4081-addd-dc90b4f74f6e}</UniqueIdentifier>
    </Filter>
    <Filter Include="FrameWork\Objects\Enemies\Banger\BangerState\BangerStand">
      <UniqueIdentifier>{d42571e4-c98e-4354-bc97-9244477db11c}</UniqueIdentifier>
    </Filter>
    <Filter Include="FrameWork\Objects\Enemies\Banger\BangerState\BangerJump">
      <UniqueIdentifier>{2bc9eac7-0c25-4c08-ae36-6103e0139bb1}</UniqueIdentifier>
    </Filter>
    <Filter Include="FrameWork\Objects\Enemies\Banger\BangerState\BangerFall">
      <UniqueIdentifier>{34a89de9-c331-4024-954e-98f21a998467}</UniqueIdentifier>
    </Filter>
    <Filter Include="FrameWork\Objects\Enemies\Banger\BangerState\BangerAttack">
      <UniqueIdentifier>{fc1993df-13ca-49a5-b7bc-ab9fa9671869}</UniqueIdentifier>
    </Filter>
    <Filter Include="FrameWork\Objects\Enemies\Banger\BangerState\BangerDie">
      <UniqueIdentifier>{f3785909-f3ee-42b2-8f3f-9c8f8943d838}</UniqueIdentifier>
    </Filter>
    <Filter Include="FrameWork\Objects\Enemies\Helit">
      <UniqueIdentifier>{b4f4c421-c2c1-490a-88df-fff621dea3b1}</UniqueIdentifier>
    </Filter>
    <Filter Include="FrameWork\Objects\Enemies\Helit\HelitBullet">
      <UniqueIdentifier>{1b13bff3-4ed9-4d6a-a154-86ce1b0e9d69}</UniqueIdentifier>
    </Filter>
    <Filter Include="FrameWork\Objects\MapObject">
      <UniqueIdentifier>{944495d1-820c-4a92-b574-e240bb14ead4}</UniqueIdentifier>
    </Filter>
    <Filter Include="FrameWork\Objects\Boss">
      <UniqueIdentifier>{b59be9fc-6109-4f28-ad5f-73bec3580463}</UniqueIdentifier>
    </Filter>
    <Filter Include="FrameWork\Objects\Boss\Genjibo">
      <UniqueIdentifier>{d8d7eaf5-6923-41a0-9714-18b585526b3b}</UniqueIdentifier>
    </Filter>
    <Filter Include="FrameWork\Objects\Boss\CarryArm">
      <UniqueIdentifier>{142209cf-1a87-409e-bc4c-2c8fc3979e6a}</UniqueIdentifier>
    </Filter>
    <Filter Include="FrameWork\Objects\HPBar">
      <UniqueIdentifier>{d736b442-7bba-4d86-b2a2-af815c5edefc}</UniqueIdentifier>
    </Filter>
    <Filter Include="FrameWork\Defines">
      <UniqueIdentifier>{9b5a9b8a-da07-445e-8ec2-51c3cb648f6e}</UniqueIdentifier>
    </Filter>
    <Filter Include="FrameWork\Controllers">
      <UniqueIdentifier>{141b91ce-14de-4ba3-8fe6-364954317b0f}</UniqueIdentifier>
    </Filter>
    <Filter Include="FrameWork\Components">
      <UniqueIdentifier>{f7440687-f4de-4771-b67d-cbcf612a5c19}</UniqueIdentifier>
    </Filter>
    <Filter Include="FrameWork\Objects\BaseObject">
      <UniqueIdentifier>{e02802fa-8652-4983-8620-f0196a70de68}</UniqueIdentifier>
    </Filter>
    <Filter Include="FrameWork\Objects\Items\EnergyItem">
      <UniqueIdentifier>{23965754-84c2-4c93-9dec-77d147d12186}</UniqueIdentifier>
    </Filter>
    <Filter Include="FrameWork\Objects\Player\PlayerState">
      <UniqueIdentifier>{c37209ef-c1de-40e2-9f6f-bd3ab30a4165}</UniqueIdentifier>
    </Filter>
    <Filter Include="FrameWork\Objects\Player\PlayerState\FallState">
      <UniqueIdentifier>{14da7f4d-3dab-462e-b1c6-1fa1b4df943a}</UniqueIdentifier>
    </Filter>
    <Filter Include="FrameWork\Objects\Player\PlayerState\JumpState">
      <UniqueIdentifier>{243ea498-f3a6-4413-887a-b87963a6d62e}</UniqueIdentifier>
    </Filter>
    <Filter Include="FrameWork\Objects\Player\PlayerState\RunState">
      <UniqueIdentifier>{1da986cc-26de-48c9-807b-0ff743d63bcc}</UniqueIdentifier>
    </Filter>
    <Filter Include="FrameWork\Objects\Player\PlayerState\StandState">
      <UniqueIdentifier>{1884cefc-c4f8-4c36-9a05-7e33a21bce2a}</UniqueIdentifier>
    </Filter>
    <Filter Include="FrameWork\Objects\Player\PlayerState\AppearState">
      <UniqueIdentifier>{49eb3af4-f4e5-4cdd-b64d-fc38522ee3a7}</UniqueIdentifier>
    </Filter>
    <Filter Include="FrameWork\Objects\Player\PlayerState\DieState">
      <UniqueIdentifier>{14c1f6cf-a9e0-4036-9673-7b4403933b85}</UniqueIdentifier>
    </Filter>
    <Filter Include="FrameWork\Objects\Player\PlayerState\FinishState">
      <UniqueIdentifier>{12323f2b-d8a8-47d6-978d-992ce3d30184}</UniqueIdentifier>
    </Filter>
    <Filter Include="FrameWork\Objects\Player\PlayerState\BleedState">
      <UniqueIdentifier>{574d26d8-91c9-4b58-8cc3-51e14cce38f8}</UniqueIdentifier>
    </Filter>
    <Filter Include="FrameWork\Objects\Player\PlayerState\DashState">
      <UniqueIdentifier>{26ab4d0d-6e01-4b0a-b4b6-d5c5b28d40cb}</UniqueIdentifier>
    </Filter>
    <Filter Include="FrameWork\Objects\Player\PlayerState\SlipDownState">
      <UniqueIdentifier>{27d577f2-73cf-4355-8b00-07943d286a5b}</UniqueIdentifier>
    </Filter>
    <Filter Include="FrameWork\MapReader">
      <UniqueIdentifier>{8becec59-6128-4ddf-bd4c-06819bdcba33}</UniqueIdentifier>
    </Filter>
    <Filter Include="FrameWork\Objects\Items\SubtankItem">
      <UniqueIdentifier>{6e438737-46fb-4055-ac03-e921a809837a}</UniqueIdentifier>
    </Filter>
    <Filter Include="FrameWork\Objects\Boss\BlastHornet">
      <UniqueIdentifier>{6aa4d2ac-f654-4ee2-a062-d681231032ff}</UniqueIdentifier>
    </Filter>
    <Filter Include="FrameWork\Objects\Boss\BlastHornet\BlastBullet">
      <UniqueIdentifier>{da48bbca-2d90-46e1-8f0d-d48069a4ed7f}</UniqueIdentifier>
    </Filter>
  </ItemGroup>
  <ItemGroup>
    <ClCompile Include="GameComponents\Game.cpp">
      <Filter>FrameWork\Components</Filter>
    </ClCompile>
    <ClCompile Include="GameComponents\GameGlobal.cpp">
      <Filter>FrameWork\Components</Filter>
    </ClCompile>
    <ClCompile Include="GameComponents\Sprite.cpp">
      <Filter>FrameWork\Components</Filter>
    </ClCompile>
    <ClCompile Include="GameControllers\SceneManager.cpp">
      <Filter>FrameWork\Controllers</Filter>
    </ClCompile>
    <ClCompile Include="GameComponents\GameMap.cpp">
      <Filter>FrameWork\Components</Filter>
    </ClCompile>
    <ClCompile Include="GameComponents\Camera.cpp">
      <Filter>FrameWork\Components</Filter>
    </ClCompile>
    <ClCompile Include="GameComponents\GameCollision.cpp">
      <Filter>FrameWork\Components</Filter>
    </ClCompile>
    <ClCompile Include="GameObjects\Player\GameState\FallState\FallState.cpp">
      <Filter>FrameWork\Objects\Player\PlayerState\FallState</Filter>
    </ClCompile>
    <ClCompile Include="GameObjects\Player\GameState\JumpState\JumpState.cpp">
      <Filter>FrameWork\Objects\Player\PlayerState\JumpState</Filter>
    </ClCompile>
    <ClCompile Include="GameObjects\Player\GameState\RunState\RunState.cpp">
      <Filter>FrameWork\Objects\Player\PlayerState\RunState</Filter>
    </ClCompile>
    <ClCompile Include="GameObjects\Player\GameState\StandState\StandState.cpp">
      <Filter>FrameWork\Objects\Player\PlayerState\StandState</Filter>
    </ClCompile>
    <ClCompile Include="GameComponents\Animation.cpp">
      <Filter>FrameWork\Components</Filter>
    </ClCompile>
    <ClCompile Include="main.cpp" />
    <ClCompile Include="GameObjects\Player\GameState\AppearState\AppearState.cpp">
      <Filter>FrameWork\Objects\Player\PlayerState\AppearState</Filter>
    </ClCompile>
    <ClCompile Include="GameObjects\Player\GameState\JumpState\ClingState.cpp">
      <Filter>FrameWork\Objects\Player\PlayerState\JumpState</Filter>
    </ClCompile>
    <ClCompile Include="GameObjects\Player\GameState\BleedState\BleedState.cpp">
      <Filter>FrameWork\Objects\Player\PlayerState\BleedState</Filter>
    </ClCompile>
    <ClCompile Include="GameObjects\Player\GameState\DieState\DieState.cpp">
      <Filter>FrameWork\Objects\Player\PlayerState\DieState</Filter>
    </ClCompile>
    <ClCompile Include="GameObjects\Player\GameState\WinState\FinishState.cpp">
      <Filter>FrameWork\Objects\Player\PlayerState\FinishState</Filter>
    </ClCompile>
    <ClCompile Include="GameObjects\Player\GameState\JumpState\ClimbState.cpp">
      <Filter>FrameWork\Objects\Player\PlayerState\JumpState</Filter>
    </ClCompile>
    <ClCompile Include="GameComponents\Sound.cpp">
      <Filter>FrameWork\Components</Filter>
    </ClCompile>
    <ClCompile Include="GameObjects\Player\GameState\DashState\DashState.cpp">
      <Filter>FrameWork\Objects\Player\PlayerState\DashState</Filter>
    </ClCompile>
    <ClCompile Include="GameObjects\Player\GameState\SlipDownState\SlipDownState.cpp">
      <Filter>FrameWork\Objects\Player\PlayerState\SlipDownState</Filter>
    </ClCompile>
    <ClCompile Include="GameObjects\Player\PlayerBullet\PlayerBullet.cpp">
      <Filter>FrameWork\Objects\Player\PlayerBullet</Filter>
    </ClCompile>
    <ClCompile Include="GameObjects\Enemies\Gunner\Gunner.cpp">
      <Filter>FrameWork\Objects\Enemies\Gunner</Filter>
    </ClCompile>
    <ClCompile Include="GameObjects\Enemies\Gunner\GunnerState\GunnerState.cpp">
      <Filter>FrameWork\Objects\Enemies\Gunner\GunnerState</Filter>
    </ClCompile>
    <ClCompile Include="GameObjects\Enemies\Gunner\GunnerState\GunnerStand\GunnerStand.cpp">
      <Filter>FrameWork\Objects\Enemies\Gunner\GunnerState\GunnerStand</Filter>
    </ClCompile>
    <ClCompile Include="GameObjects\Enemies\Gunner\GunnerState\GunnerFall\GunnerFall.cpp">
      <Filter>FrameWork\Objects\Enemies\Gunner\GunnerState\GunnerFall</Filter>
    </ClCompile>
    <ClCompile Include="GameObjects\Enemies\Gunner\GunnerState\GunnerDie\GunnerDie.cpp">
      <Filter>FrameWork\Objects\Enemies\Gunner\GunnerState\GunnerDie</Filter>
    </ClCompile>
    <ClCompile Include="GameObjects\Enemies\Gunner\GunnerState\GunnerAttack\GunnerAttack.cpp">
      <Filter>FrameWork\Objects\Enemies\Gunner\GunnerState\GunnerAttack</Filter>
    </ClCompile>
    <ClCompile Include="GameObjects\Enemies\Banger\Banger.cpp">
      <Filter>FrameWork\Objects\Enemies\Banger</Filter>
    </ClCompile>
    <ClCompile Include="GameObjects\Enemies\Banger\BangerState\BangerState.cpp">
      <Filter>FrameWork\Objects\Enemies\Banger\BangerState</Filter>
    </ClCompile>
    <ClCompile Include="GameObjects\Enemies\Banger\BangerState\BangerAttack\BangerAttack.cpp">
      <Filter>FrameWork\Objects\Enemies\Banger\BangerState\BangerAttack</Filter>
    </ClCompile>
    <ClCompile Include="GameObjects\Enemies\Banger\BangerState\BangerFall\BangerFall.cpp">
      <Filter>FrameWork\Objects\Enemies\Banger\BangerState\BangerFall</Filter>
    </ClCompile>
    <ClCompile Include="GameObjects\Enemies\Banger\BangerState\BangerJump\BangerJump.cpp">
      <Filter>FrameWork\Objects\Enemies\Banger\BangerState\BangerJump</Filter>
    </ClCompile>
    <ClCompile Include="GameObjects\Enemies\Banger\BangerState\BangerStand\BangerStand.cpp">
      <Filter>FrameWork\Objects\Enemies\Banger\BangerState\BangerStand</Filter>
    </ClCompile>
    <ClCompile Include="GameObjects\Enemies\Banger\BangerBullet\BangerBullet.cpp">
      <Filter>FrameWork\Objects\Enemies\Banger\BangerBullet</Filter>
    </ClCompile>
    <ClCompile Include="GameObjects\Enemies\Banger\BangerState\BangerDie\BangerDie.cpp">
      <Filter>FrameWork\Objects\Enemies\Banger\BangerState\BangerDie</Filter>
    </ClCompile>
    <ClCompile Include="GameObjects\Enemies\Helit\Helit.cpp">
      <Filter>FrameWork\Objects\Enemies\Helit</Filter>
    </ClCompile>
    <ClCompile Include="GameObjects\Enemies\Helit\HelitBullet\HelitBullet.cpp">
      <Filter>FrameWork\Objects\Enemies\Helit\HelitBullet</Filter>
    </ClCompile>
    <ClCompile Include="GameObjects\Enemies\Gunner\GunnerState\GunnerAttack\GunnerAttackRocket.cpp">
      <Filter>FrameWork\Objects\Enemies\Gunner\GunnerState\GunnerAttack</Filter>
    </ClCompile>
    <ClCompile Include="GameComponents\QuadTree.cpp">
      <Filter>FrameWork\Components</Filter>
    </ClCompile>
    <ClCompile Include="GameObjects\MapObjects\Elevator.cpp">
      <Filter>FrameWork\Objects\MapObject</Filter>
    </ClCompile>
    <ClCompile Include="GameObjects\MapObjects\Conveyor.cpp">
      <Filter>FrameWork\Objects\MapObject</Filter>
    </ClCompile>
    <ClCompile Include="GameObjects\Enemies\Gunner\GunnerState\GunnerAttack\GunnerAttackBullet.cpp">
      <Filter>FrameWork\Objects\Enemies\Gunner\GunnerState\GunnerAttack</Filter>
    </ClCompile>
    <ClCompile Include="GameObjects\MapObjects\Port.cpp">
      <Filter>FrameWork\Objects\MapObject</Filter>
    </ClCompile>
    <ClCompile Include="GameObjects\Enemies\Gunner\GunnerBullet\GunnerBullet.cpp">
      <Filter>FrameWork\Objects\Enemies\Gunner\GunnerBullet</Filter>
    </ClCompile>
    <ClCompile Include="GameObjects\Boss\CarryArm\Box.cpp">
      <Filter>FrameWork\Objects\Boss\CarryArm</Filter>
    </ClCompile>
    <ClCompile Include="GameObjects\Boss\CarryArm\Pixton.cpp">
      <Filter>FrameWork\Objects\Boss\CarryArm</Filter>
    </ClCompile>
    <ClCompile Include="GameObjects\Boss\CarryArm\Planet.cpp">
      <Filter>FrameWork\Objects\Boss\CarryArm</Filter>
    </ClCompile>
    <ClCompile Include="GameObjects\Item\SubtankItem.cpp">
      <Filter>FrameWork\Objects\Items\SubtankItem</Filter>
    </ClCompile>
    <ClCompile Include="GameObjects\Item\BigBloodItem.cpp">
      <Filter>FrameWork\Objects\Items\BloodItem</Filter>
    </ClCompile>
    <ClCompile Include="GameObjects\Item\SmallBlood.cpp">
      <Filter>FrameWork\Objects\Items\BloodItem</Filter>
    </ClCompile>
    <ClCompile Include="GameObjects\Bar\HPBar.cpp">
      <Filter>FrameWork\Objects\HPBar</Filter>
    </ClCompile>
    <ClCompile Include="Scenes\BeginScene.cpp">
      <Filter>FrameWork\Scenes</Filter>
    </ClCompile>
    <ClCompile Include="GameObjects\Boss\BlastHornet\BlastBullet.cpp">
      <Filter>FrameWork\Objects\Boss\BlastHornet\BlastBullet</Filter>
    </ClCompile>
    <ClCompile Include="GameObjects\Entity\BaseObject.cpp">
      <Filter>FrameWork\Objects\BaseObject</Filter>
    </ClCompile>
    <ClCompile Include="GameObjects\Item\SmallSubtankItem.cpp">
      <Filter>FrameWork\Objects\Items\SubtankItem</Filter>
    </ClCompile>
    <ClCompile Include="GameObjects\Item\EnergyItem.cpp">
      <Filter>FrameWork\Objects\Items\EnergyItem</Filter>
    </ClCompile>
    <ClCompile Include="GameObjects\Player\Player.cpp">
      <Filter>FrameWork\Objects\Player</Filter>
    </ClCompile>
    <ClCompile Include="GameObjects\Boss\CarryArm\CarryArm.cpp">
      <Filter>FrameWork\Objects\Boss\CarryArm</Filter>
    </ClCompile>
    <ClCompile Include="MapReader\base64.cpp">
      <Filter>FrameWork\MapReader</Filter>
    </ClCompile>
    <ClCompile Include="MapReader\miniz.c">
      <Filter>FrameWork\MapReader</Filter>
    </ClCompile>
    <ClCompile Include="MapReader\tinyxml2.cpp">
      <Filter>FrameWork\MapReader</Filter>
    </ClCompile>
    <ClCompile Include="MapReader\TmxEllipse.cpp">
      <Filter>FrameWork\MapReader</Filter>
    </ClCompile>
    <ClCompile Include="MapReader\TmxImage.cpp">
      <Filter>FrameWork\MapReader</Filter>
    </ClCompile>
    <ClCompile Include="MapReader\TmxImageLayer.cpp">
      <Filter>FrameWork\MapReader</Filter>
    </ClCompile>
    <ClCompile Include="MapReader\TmxLayer.cpp">
      <Filter>FrameWork\MapReader</Filter>
    </ClCompile>
    <ClCompile Include="MapReader\TmxMap.cpp">
      <Filter>FrameWork\MapReader</Filter>
    </ClCompile>
    <ClCompile Include="MapReader\TmxObject.cpp">
      <Filter>FrameWork\MapReader</Filter>
    </ClCompile>
    <ClCompile Include="MapReader\TmxObjectGroup.cpp">
      <Filter>FrameWork\MapReader</Filter>
    </ClCompile>
    <ClCompile Include="MapReader\TmxPolygon.cpp">
      <Filter>FrameWork\MapReader</Filter>
    </ClCompile>
    <ClCompile Include="MapReader\TmxPolyline.cpp">
      <Filter>FrameWork\MapReader</Filter>
    </ClCompile>
    <ClCompile Include="MapReader\TmxPropertySet.cpp">
      <Filter>FrameWork\MapReader</Filter>
    </ClCompile>
    <ClCompile Include="MapReader\TmxTerrain.cpp">
      <Filter>FrameWork\MapReader</Filter>
    </ClCompile>
    <ClCompile Include="MapReader\TmxTerrainArray.cpp">
      <Filter>FrameWork\MapReader</Filter>
    </ClCompile>
    <ClCompile Include="MapReader\TmxTile.cpp">
      <Filter>FrameWork\MapReader</Filter>
    </ClCompile>
    <ClCompile Include="MapReader\TmxTileLayer.cpp">
      <Filter>FrameWork\MapReader</Filter>
    </ClCompile>
    <ClCompile Include="MapReader\TmxTileOffset.cpp">
      <Filter>FrameWork\MapReader</Filter>
    </ClCompile>
    <ClCompile Include="MapReader\TmxTileset.cpp">
      <Filter>FrameWork\MapReader</Filter>
    </ClCompile>
    <ClCompile Include="MapReader\TmxUtil.cpp">
      <Filter>FrameWork\MapReader</Filter>
    </ClCompile>
    <ClCompile Include="Scenes\Scene.cpp">
      <Filter>FrameWork\Scenes</Filter>
    </ClCompile>
    <ClCompile Include="GameObjects\Player\GameState\PlayerState.cpp">
      <Filter>FrameWork\Objects\Player\PlayerState</Filter>
    </ClCompile>
    <ClCompile Include="GameObjects\Item\Item.cpp">
      <Filter>FrameWork\Objects\Items</Filter>
    </ClCompile>
    <ClCompile Include="GameObjects\Boss\BlastHornet\BlastAppear.cpp">
      <Filter>FrameWork\Objects\Boss\BlastHornet</Filter>
    </ClCompile>
    <ClCompile Include="GameObjects\Boss\BlastHornet\BlastAttack.cpp">
      <Filter>FrameWork\Objects\Boss\BlastHornet</Filter>
    </ClCompile>
    <ClCompile Include="GameObjects\Boss\BlastHornet\BlastHornet.cpp">
      <Filter>FrameWork\Objects\Boss\BlastHornet</Filter>
    </ClCompile>
    <ClCompile Include="GameObjects\Boss\BlastHornet\BlastHornetState.cpp">
      <Filter>FrameWork\Objects\Boss\BlastHornet</Filter>
    </ClCompile>
    <ClCompile Include="GameObjects\Boss\BlastHornet\BlastShoot.cpp">
      <Filter>FrameWork\Objects\Boss\BlastHornet</Filter>
    </ClCompile>
    <ClCompile Include="GameObjects\Boss\BlastHornet\BlastIdle.cpp">
      <Filter>FrameWork\Objects\Boss\BlastHornet</Filter>
    </ClCompile>
    <ClCompile Include="GameObjects\Boss\BlastHornet\BlastDeath.cpp">
      <Filter>FrameWork\Objects\Boss\BlastHornet</Filter>
    </ClCompile>
    <ClCompile Include="GameObjects\Boss\BlastHornet\BlastMove.cpp">
      <Filter>FrameWork\Objects\Boss\BlastHornet</Filter>
    </ClCompile>
    <ClCompile Include="GameObjects\Boss\BlastHornet\BlastSinMovement.cpp">
      <Filter>FrameWork\Objects\Boss\BlastHornet</Filter>
    </ClCompile>
    <ClCompile Include="GameObjects\Boss\Genjibo\Genjibo.cpp">
      <Filter>FrameWork\Objects\Boss\Genjibo</Filter>
    </ClCompile>
  </ItemGroup>
  <ItemGroup>
    <ClInclude Include="GameComponents\Game.h">
      <Filter>FrameWork\Components</Filter>
    </ClInclude>
    <ClInclude Include="GameComponents\GameGlobal.h">
      <Filter>FrameWork\Components</Filter>
    </ClInclude>
    <ClInclude Include="GameComponents\Sprite.h">
      <Filter>FrameWork\Components</Filter>
    </ClInclude>
    <ClInclude Include="GameControllers\SceneManager.h">
      <Filter>FrameWork\Controllers</Filter>
    </ClInclude>
    <ClInclude Include="GameComponents\GameMap.h">
      <Filter>FrameWork\Components</Filter>
    </ClInclude>
    <ClInclude Include="GameComponents\Camera.h">
      <Filter>FrameWork\Components</Filter>
    </ClInclude>
    <ClInclude Include="GameDefines\GameDefine.h">
      <Filter>FrameWork\Defines</Filter>
    </ClInclude>
    <ClInclude Include="GameComponents\GameCollision.h">
      <Filter>FrameWork\Components</Filter>
    </ClInclude>
    <ClInclude Include="GameObjects\Player\GameState\FallState\FallState.h">
      <Filter>FrameWork\Objects\Player\PlayerState\FallState</Filter>
    </ClInclude>
    <ClInclude Include="GameObjects\Player\GameState\JumpState\JumpState.h">
      <Filter>FrameWork\Objects\Player\PlayerState\JumpState</Filter>
    </ClInclude>
    <ClInclude Include="GameObjects\Player\GameState\RunState\RunState.h">
      <Filter>FrameWork\Objects\Player\PlayerState\RunState</Filter>
    </ClInclude>
    <ClInclude Include="GameObjects\Player\GameState\StandState\StandState.h">
      <Filter>FrameWork\Objects\Player\PlayerState\StandState</Filter>
    </ClInclude>
    <ClInclude Include="GameComponents\Animation.h">
      <Filter>FrameWork\Components</Filter>
    </ClInclude>
    <ClInclude Include="GameObjects\Player\GameState\AppearState\AppearState.h">
      <Filter>FrameWork\Objects\Player\PlayerState\AppearState</Filter>
    </ClInclude>
    <ClInclude Include="GameObjects\Player\GameState\JumpState\ClingState.h">
      <Filter>FrameWork\Objects\Player\PlayerState\JumpState</Filter>
    </ClInclude>
    <ClInclude Include="GameObjects\Player\GameState\BleedState\BleedState.hpp">
      <Filter>FrameWork\Objects\Player\PlayerState\BleedState</Filter>
    </ClInclude>
    <ClInclude Include="GameObjects\Player\GameState\DieState\DieState.h">
      <Filter>FrameWork\Objects\Player\PlayerState\DieState</Filter>
    </ClInclude>
    <ClInclude Include="GameObjects\Player\GameState\WinState\FinishState.h">
      <Filter>FrameWork\Objects\Player\PlayerState\FinishState</Filter>
    </ClInclude>
    <ClInclude Include="GameObjects\Player\GameState\JumpState\ClimbState.h">
      <Filter>FrameWork\Objects\Player\PlayerState\JumpState</Filter>
    </ClInclude>
    <ClInclude Include="GameComponents\Sound.h">
      <Filter>FrameWork\Components</Filter>
    </ClInclude>
    <ClInclude Include="GameObjects\Player\GameState\DashState\DashState.h">
      <Filter>FrameWork\Objects\Player\PlayerState\DashState</Filter>
    </ClInclude>
    <ClInclude Include="GameObjects\Player\GameState\SlipDownState\SlipDownState.h">
      <Filter>FrameWork\Objects\Player\PlayerState\SlipDownState</Filter>
    </ClInclude>
    <ClInclude Include="GameObjects\Player\PlayerBullet\PlayerBullet.h">
      <Filter>FrameWork\Objects\Player\PlayerBullet</Filter>
    </ClInclude>
    <ClInclude Include="GameObjects\Enemies\Gunner\Gunner.h">
      <Filter>FrameWork\Objects\Enemies\Gunner</Filter>
    </ClInclude>
    <ClInclude Include="GameObjects\Enemies\Gunner\GunnerState\GunnerState.h">
      <Filter>FrameWork\Objects\Enemies\Gunner\GunnerState</Filter>
    </ClInclude>
    <ClInclude Include="GameObjects\Enemies\Gunner\GunnerState\GunnerStand\GunnerStand.h">
      <Filter>FrameWork\Objects\Enemies\Gunner\GunnerState\GunnerStand</Filter>
    </ClInclude>
    <ClInclude Include="GameObjects\Enemies\Gunner\GunnerState\GunnerFall\GunnerFall.h">
      <Filter>FrameWork\Objects\Enemies\Gunner\GunnerState\GunnerFall</Filter>
    </ClInclude>
    <ClInclude Include="GameObjects\Enemies\Gunner\GunnerState\GunnerDie\GunnerDie.h">
      <Filter>FrameWork\Objects\Enemies\Gunner\GunnerState\GunnerDie</Filter>
    </ClInclude>
    <ClInclude Include="GameObjects\Enemies\Gunner\GunnerState\GunnerAttack\GunnerAttack.h">
      <Filter>FrameWork\Objects\Enemies\Gunner\GunnerState\GunnerAttack</Filter>
    </ClInclude>
    <ClInclude Include="GameObjects\Enemies\Banger\Banger.h">
      <Filter>FrameWork\Objects\Enemies\Banger</Filter>
    </ClInclude>
    <ClInclude Include="GameObjects\Enemies\Banger\BangerState\BangerState.h">
      <Filter>FrameWork\Objects\Enemies\Banger\BangerState</Filter>
    </ClInclude>
    <ClInclude Include="GameObjects\Enemies\Banger\BangerState\BangerAttack\BangerAttack.h">
      <Filter>FrameWork\Objects\Enemies\Banger\BangerState\BangerAttack</Filter>
    </ClInclude>
    <ClInclude Include="GameObjects\Enemies\Banger\BangerState\BangerFall\BangerFall.h">
      <Filter>FrameWork\Objects\Enemies\Banger\BangerState\BangerFall</Filter>
    </ClInclude>
    <ClInclude Include="GameObjects\Enemies\Banger\BangerState\BangerJump\BangerJump.h">
      <Filter>FrameWork\Objects\Enemies\Banger\BangerState\BangerJump</Filter>
    </ClInclude>
    <ClInclude Include="GameObjects\Enemies\Banger\BangerState\BangerStand\BangerStand.h">
      <Filter>FrameWork\Objects\Enemies\Banger\BangerState\BangerStand</Filter>
    </ClInclude>
    <ClInclude Include="GameObjects\Enemies\Banger\BangerBullet\BangerBullet.h">
      <Filter>FrameWork\Objects\Enemies\Banger\BangerBullet</Filter>
    </ClInclude>
    <ClInclude Include="GameObjects\Enemies\Banger\BangerState\BangerDie\BangerDie.h">
      <Filter>FrameWork\Objects\Enemies\Banger\BangerState\BangerDie</Filter>
    </ClInclude>
    <ClInclude Include="GameObjects\Enemies\Helit\Helit.h">
      <Filter>FrameWork\Objects\Enemies\Helit</Filter>
    </ClInclude>
    <ClInclude Include="GameObjects\Enemies\Helit\HelitBullet\HelitBullet.h">
      <Filter>FrameWork\Objects\Enemies\Helit\HelitBullet</Filter>
    </ClInclude>
    <ClInclude Include="GameObjects\Enemies\Gunner\GunnerState\GunnerAttack\GunnerAttackRocket.h">
      <Filter>FrameWork\Objects\Enemies\Gunner\GunnerState\GunnerAttack</Filter>
    </ClInclude>
    <ClInclude Include="GameComponents\QuadTree.h">
      <Filter>FrameWork\Components</Filter>
    </ClInclude>
    <ClInclude Include="GameObjects\MapObjects\Elevator.h">
      <Filter>FrameWork\Objects\MapObject</Filter>
    </ClInclude>
    <ClInclude Include="GameObjects\MapObjects\Conveyor.h">
      <Filter>FrameWork\Objects\MapObject</Filter>
    </ClInclude>
    <ClInclude Include="GameObjects\Enemies\Gunner\GunnerState\GunnerAttack\GunnerAttackBullet.h">
      <Filter>FrameWork\Objects\Enemies\Gunner\GunnerState\GunnerAttack</Filter>
    </ClInclude>
    <ClInclude Include="GameObjects\MapObjects\Port.h">
      <Filter>FrameWork\Objects\MapObject</Filter>
    </ClInclude>
    <ClInclude Include="GameObjects\Boss\CarryArm\Box.h">
      <Filter>FrameWork\Objects\Boss\CarryArm</Filter>
    </ClInclude>
    <ClInclude Include="GameObjects\Boss\CarryArm\Pixton.h">
      <Filter>FrameWork\Objects\Boss\CarryArm</Filter>
    </ClInclude>
    <ClInclude Include="GameObjects\Boss\CarryArm\Planet.h">
      <Filter>FrameWork\Objects\Boss\CarryArm</Filter>
    </ClInclude>
    <ClInclude Include="GameObjects\Item\SubtankItem.h">
      <Filter>FrameWork\Objects\Items\SubtankItem</Filter>
    </ClInclude>
    <ClInclude Include="GameObjects\Item\SmallBlood.h">
      <Filter>FrameWork\Objects\Items\BloodItem</Filter>
    </ClInclude>
    <ClInclude Include="GameObjects\Item\BigBloodItem.h">
      <Filter>FrameWork\Objects\Items\BloodItem</Filter>
    </ClInclude>
    <ClInclude Include="GameObjects\Bar\HPBar.h">
      <Filter>FrameWork\Objects\HPBar</Filter>
    </ClInclude>
    <ClInclude Include="Scenes\BeginScene.h">
      <Filter>FrameWork\Scenes</Filter>
    </ClInclude>
    <ClInclude Include="GameObjects\Enemies\Gunner\GunnerBullet\GunnerBullet.h">
      <Filter>FrameWork\Objects\Enemies\Gunner\GunnerBullet</Filter>
    </ClInclude>
    <ClInclude Include="GameObjects\Boss\BlastHornet\BlastBullet.h">
      <Filter>FrameWork\Objects\Boss\BlastHornet\BlastBullet</Filter>
    </ClInclude>
    <ClInclude Include="GameObjects\Entity\BaseObject.h">
      <Filter>FrameWork\Objects\BaseObject</Filter>
    </ClInclude>
    <ClInclude Include="GameObjects\Item\SmallSubtankItem.h">
      <Filter>FrameWork\Objects\Items\SubtankItem</Filter>
    </ClInclude>
    <ClInclude Include="GameObjects\Item\EnergyItem.h">
      <Filter>FrameWork\Objects\Items\EnergyItem</Filter>
    </ClInclude>
    <ClInclude Include="GameObjects\Player\GameState\PlayerState.h">
      <Filter>FrameWork\Objects\Player\PlayerState</Filter>
    </ClInclude>
    <ClInclude Include="GameObjects\Player\Player.h">
      <Filter>FrameWork\Objects\Player</Filter>
    </ClInclude>
    <ClInclude Include="GameObjects\Boss\CarryArm\CarryArm.h">
      <Filter>FrameWork\Objects\Boss\CarryArm</Filter>
    </ClInclude>
    <ClInclude Include="MapReader\base64.h">
      <Filter>FrameWork\MapReader</Filter>
    </ClInclude>
    <ClInclude Include="MapReader\tinyxml2.h">
      <Filter>FrameWork\MapReader</Filter>
    </ClInclude>
    <ClInclude Include="MapReader\TmxEllipse.h">
      <Filter>FrameWork\MapReader</Filter>
    </ClInclude>
    <ClInclude Include="MapReader\TmxImage.h">
      <Filter>FrameWork\MapReader</Filter>
    </ClInclude>
    <ClInclude Include="MapReader\TmxImageLayer.h">
      <Filter>FrameWork\MapReader</Filter>
    </ClInclude>
    <ClInclude Include="MapReader\TmxLayer.h">
      <Filter>FrameWork\MapReader</Filter>
    </ClInclude>
    <ClInclude Include="MapReader\TmxMap.h">
      <Filter>FrameWork\MapReader</Filter>
    </ClInclude>
    <ClInclude Include="MapReader\TmxMapTile.h">
      <Filter>FrameWork\MapReader</Filter>
    </ClInclude>
    <ClInclude Include="MapReader\TmxObject.h">
      <Filter>FrameWork\MapReader</Filter>
    </ClInclude>
    <ClInclude Include="MapReader\TmxObjectGroup.h">
      <Filter>FrameWork\MapReader</Filter>
    </ClInclude>
    <ClInclude Include="MapReader\TmxPoint.h">
      <Filter>FrameWork\MapReader</Filter>
    </ClInclude>
    <ClInclude Include="MapReader\TmxPolygon.h">
      <Filter>FrameWork\MapReader</Filter>
    </ClInclude>
    <ClInclude Include="MapReader\TmxPolyline.h">
      <Filter>FrameWork\MapReader</Filter>
    </ClInclude>
    <ClInclude Include="MapReader\TmxPropertySet.h">
      <Filter>FrameWork\MapReader</Filter>
    </ClInclude>
    <ClInclude Include="MapReader\TmxTerrain.h">
      <Filter>FrameWork\MapReader</Filter>
    </ClInclude>
    <ClInclude Include="MapReader\TmxTerrainArray.h">
      <Filter>FrameWork\MapReader</Filter>
    </ClInclude>
    <ClInclude Include="MapReader\TmxTile.h">
      <Filter>FrameWork\MapReader</Filter>
    </ClInclude>
    <ClInclude Include="MapReader\TmxTileLayer.h">
      <Filter>FrameWork\MapReader</Filter>
    </ClInclude>
    <ClInclude Include="MapReader\TmxTileOffset.h">
      <Filter>FrameWork\MapReader</Filter>
    </ClInclude>
    <ClInclude Include="MapReader\TmxTileset.h">
      <Filter>FrameWork\MapReader</Filter>
    </ClInclude>
    <ClInclude Include="MapReader\TmxUtil.h">
      <Filter>FrameWork\MapReader</Filter>
    </ClInclude>
    <ClInclude Include="MapReader\zconf.h">
      <Filter>FrameWork\MapReader</Filter>
    </ClInclude>
    <ClInclude Include="MapReader\zlib.h">
      <Filter>FrameWork\MapReader</Filter>
    </ClInclude>
    <ClInclude Include="Scenes\Scene.h">
      <Filter>FrameWork\Scenes</Filter>
    </ClInclude>
    <ClInclude Include="GameObjects\Item\Item.h">
      <Filter>FrameWork\Objects\Items</Filter>
    </ClInclude>
    <ClInclude Include="GameObjects\Boss\BlastHornet\BlastAppear.h">
      <Filter>FrameWork\Objects\Boss\BlastHornet</Filter>
    </ClInclude>
    <ClInclude Include="GameObjects\Boss\BlastHornet\BlastAttack.h">
      <Filter>FrameWork\Objects\Boss\BlastHornet</Filter>
    </ClInclude>
    <ClInclude Include="GameObjects\Boss\BlastHornet\BlastHornet.h">
      <Filter>FrameWork\Objects\Boss\BlastHornet</Filter>
    </ClInclude>
    <ClInclude Include="GameObjects\Boss\BlastHornet\BlastHornetState.h">
      <Filter>FrameWork\Objects\Boss\BlastHornet</Filter>
    </ClInclude>
    <ClInclude Include="GameObjects\Boss\BlastHornet\BlastShoot.h">
      <Filter>FrameWork\Objects\Boss\BlastHornet</Filter>
    </ClInclude>
    <ClInclude Include="GameObjects\Boss\BlastHornet\BlastIdle.h">
      <Filter>FrameWork\Objects\Boss\BlastHornet</Filter>
    </ClInclude>
    <ClInclude Include="GameObjects\Boss\BlastHornet\BlastDeath.h">
      <Filter>FrameWork\Objects\Boss\BlastHornet</Filter>
    </ClInclude>
    <ClInclude Include="GameObjects\Boss\BlastHornet\BlastMove.h">
      <Filter>FrameWork\Objects\Boss\BlastHornet</Filter>
    </ClInclude>
    <ClInclude Include="GameObjects\Boss\BlastHornet\BlastSinMovement.h">
      <Filter>FrameWork\Objects\Boss\BlastHornet</Filter>
    </ClInclude>
    <ClInclude Include="GameObjects\Boss\Genjibo\Genjibo.h">
      <Filter>FrameWork\Objects\Boss\Genjibo</Filter>
    </ClInclude>
  </ItemGroup>
  <ItemGroup>
    <None Include="MapReader\Tmx.h.in">
      <Filter>FrameWork\MapReader</Filter>
    </None>
  </ItemGroup>
</Project>