<?xml version="1.0" encoding="utf-8"?>
<Project ToolsVersion="4.0" xmlns="http://schemas.microsoft.com/developer/msbuild/2003">
  <ItemGroup>
    <Filter Include="FrameWork">
      <UniqueIdentifier>{1af5bfb7-7c15-4a58-b15c-9a4cf45ad382}</UniqueIdentifier>
    </Filter>
    <Filter Include="FrameWork\GameComponent">
      <UniqueIdentifier>{ca4d3002-bf96-42e3-973d-34d186899c5e}</UniqueIdentifier>
    </Filter>
    <Filter Include="FrameWork\GameComponent\GameTime">
      <UniqueIdentifier>{58f3e062-bab5-4dc3-bd5e-f63d49b19893}</UniqueIdentifier>
    </Filter>
    <Filter Include="FrameWork\GameComponent\Game">
      <UniqueIdentifier>{962940d3-84ea-4699-86d3-8722c9f180cf}</UniqueIdentifier>
    </Filter>
    <Filter Include="FrameWork\GameComponent\GameGlobal">
      <UniqueIdentifier>{6d858829-5a76-4224-9309-a66691cebcbc}</UniqueIdentifier>
    </Filter>
    <Filter Include="FrameWork\GameComponent\GameMap">
      <UniqueIdentifier>{c1c57e3a-ce5d-4d6a-a24b-881a241061a5}</UniqueIdentifier>
    </Filter>
    <Filter Include="FrameWork\GameController">
      <UniqueIdentifier>{4a887d7b-67b9-4fe2-98a9-a3a379fc551a}</UniqueIdentifier>
    </Filter>
    <Filter Include="FrameWork\GameDefine">
      <UniqueIdentifier>{68fb56ad-bfd1-4751-bdfa-50f84967d2d3}</UniqueIdentifier>
    </Filter>
    <Filter Include="FrameWork\Scenes">
      <UniqueIdentifier>{65b9ad45-153f-4760-87a0-0e318057f826}</UniqueIdentifier>
    </Filter>
    <Filter Include="FrameWork\MapReader">
      <UniqueIdentifier>{7e352e3e-f0f1-40b4-8aa4-b76d9a5f7422}</UniqueIdentifier>
    </Filter>
    <Filter Include="FrameWork\GameComponent\GameCollision">
      <UniqueIdentifier>{98041c3d-90e8-4277-8c57-daa02c8223b5}</UniqueIdentifier>
    </Filter>
    <Filter Include="FrameWork\GameComponent\Quadtree">
      <UniqueIdentifier>{e8d5a065-aa70-4249-bb5b-abf999e1a145}</UniqueIdentifier>
    </Filter>
    <Filter Include="FrameWork\GameComponent\Animation">
      <UniqueIdentifier>{23080b7a-0a30-4f9d-a94c-d739650a9faa}</UniqueIdentifier>
    </Filter>
    <Filter Include="FrameWork\GameComponent\Camera">
      <UniqueIdentifier>{6a443266-dadc-4e9d-8f4a-a8b4e2dd2033}</UniqueIdentifier>
    </Filter>
    <Filter Include="FrameWork\GameComponent\Sprite">
      <UniqueIdentifier>{89ae216a-3eed-4e5c-a08b-2ad3ad4a818f}</UniqueIdentifier>
    </Filter>
    <Filter Include="FrameWork\GameComponent\Input">
      <UniqueIdentifier>{e30ee91c-0d3d-4c29-93df-ed9f9ebb083a}</UniqueIdentifier>
    </Filter>
    <Filter Include="FrameWork\GameObject">
      <UniqueIdentifier>{1f16b878-1890-497d-8b76-8b5bed04abe1}</UniqueIdentifier>
    </Filter>
    <Filter Include="FrameWork\GameObject\MapObject">
      <UniqueIdentifier>{80597f1c-1a95-4e82-a471-ffc6363465f6}</UniqueIdentifier>
    </Filter>
    <Filter Include="FrameWork\GameObject\Player">
      <UniqueIdentifier>{c32c8cc3-6224-4b73-b08d-5dfc1ab48174}</UniqueIdentifier>
    </Filter>
  </ItemGroup>
  <ItemGroup>
    <ClInclude Include="MapReader\base64.h">
      <Filter>FrameWork\MapReader</Filter>
    </ClInclude>
    <ClInclude Include="MapReader\tinyxml2.h">
      <Filter>FrameWork\MapReader</Filter>
    </ClInclude>
    <ClInclude Include="MapReader\TmxEllipse.h">
      <Filter>FrameWork\MapReader</Filter>
    </ClInclude>
    <ClInclude Include="MapReader\TmxImage.h">
      <Filter>FrameWork\MapReader</Filter>
    </ClInclude>
    <ClInclude Include="MapReader\TmxImageLayer.h">
      <Filter>FrameWork\MapReader</Filter>
    </ClInclude>
    <ClInclude Include="MapReader\TmxLayer.h">
      <Filter>FrameWork\MapReader</Filter>
    </ClInclude>
    <ClInclude Include="MapReader\TmxMap.h">
      <Filter>FrameWork\MapReader</Filter>
    </ClInclude>
    <ClInclude Include="MapReader\TmxMapTile.h">
      <Filter>FrameWork\MapReader</Filter>
    </ClInclude>
    <ClInclude Include="MapReader\TmxObject.h">
      <Filter>FrameWork\MapReader</Filter>
    </ClInclude>
    <ClInclude Include="MapReader\TmxObjectGroup.h">
      <Filter>FrameWork\MapReader</Filter>
    </ClInclude>
    <ClInclude Include="MapReader\TmxPoint.h">
      <Filter>FrameWork\MapReader</Filter>
    </ClInclude>
    <ClInclude Include="MapReader\TmxPolygon.h">
      <Filter>FrameWork\MapReader</Filter>
    </ClInclude>
    <ClInclude Include="MapReader\TmxPolyline.h">
      <Filter>FrameWork\MapReader</Filter>
    </ClInclude>
    <ClInclude Include="MapReader\TmxPropertySet.h">
      <Filter>FrameWork\MapReader</Filter>
    </ClInclude>
    <ClInclude Include="MapReader\TmxTerrain.h">
      <Filter>FrameWork\MapReader</Filter>
    </ClInclude>
    <ClInclude Include="MapReader\TmxTerrainArray.h">
      <Filter>FrameWork\MapReader</Filter>
    </ClInclude>
    <ClInclude Include="MapReader\TmxTile.h">
      <Filter>FrameWork\MapReader</Filter>
    </ClInclude>
    <ClInclude Include="MapReader\TmxTileLayer.h">
      <Filter>FrameWork\MapReader</Filter>
    </ClInclude>
    <ClInclude Include="MapReader\TmxTileOffset.h">
      <Filter>FrameWork\MapReader</Filter>
    </ClInclude>
    <ClInclude Include="MapReader\TmxTileset.h">
      <Filter>FrameWork\MapReader</Filter>
    </ClInclude>
    <ClInclude Include="MapReader\TmxUtil.h">
      <Filter>FrameWork\MapReader</Filter>
    </ClInclude>
    <ClInclude Include="MapReader\zconf.h">
      <Filter>FrameWork\MapReader</Filter>
    </ClInclude>
    <ClInclude Include="MapReader\zlib.h">
      <Filter>FrameWork\MapReader</Filter>
    </ClInclude>
    <ClInclude Include="Input\Input.h">
      <Filter>FrameWork\GameComponent\Input</Filter>
    </ClInclude>
    <ClInclude Include="GameComponents\Animation.h">
      <Filter>FrameWork\GameComponent\Animation</Filter>
    </ClInclude>
    <ClInclude Include="GameComponents\Camera.h">
      <Filter>FrameWork\GameComponent\Camera</Filter>
    </ClInclude>
    <ClInclude Include="Scenes\DemoScene.h">
      <Filter>FrameWork\Scenes</Filter>
    </ClInclude>
    <ClInclude Include="GameComponents\Scene.h">
      <Filter>FrameWork\Scenes</Filter>
    </ClInclude>
    <ClInclude Include="GameObjects\Entity.h">
      <Filter>FrameWork\GameObject</Filter>
    </ClInclude>
    <ClInclude Include="GameObjects\MapObjects\Brick.h">
      <Filter>FrameWork\GameObject\MapObject</Filter>
    </ClInclude>
    <ClInclude Include="GameObjects\MapObjects\BrickGold.h">
      <Filter>FrameWork\GameObject\MapObject</Filter>
    </ClInclude>
    <ClInclude Include="GameObjects\MapObjects\BrickNormal.h">
      <Filter>FrameWork\GameObject\MapObject</Filter>
    </ClInclude>
    <ClInclude Include="GameObjects\MapObjects\GameObject.h">
      <Filter>FrameWork\GameObject\MapObject</Filter>
    </ClInclude>
    <ClInclude Include="GameObjects\Player\Player.h">
      <Filter>FrameWork\GameObject\Player</Filter>
    </ClInclude>
    <ClInclude Include="GameObjects\Player\PlayerData.h">
      <Filter>FrameWork\GameObject\Player</Filter>
    </ClInclude>
    <ClInclude Include="GameObjects\Player\PlayerFallingState.h">
      <Filter>FrameWork\GameObject\Player</Filter>
    </ClInclude>
    <ClInclude Include="GameObjects\Player\PlayerJumpingState.h">
      <Filter>FrameWork\GameObject\Player</Filter>
    </ClInclude>
    <ClInclude Include="GameObjects\Player\PlayerRunningState.h">
      <Filter>FrameWork\GameObject\Player</Filter>
    </ClInclude>
    <ClInclude Include="GameObjects\Player\PlayerStandingState.h">
      <Filter>FrameWork\GameObject\Player</Filter>
    </ClInclude>
    <ClInclude Include="GameObjects\Player\PlayerState.h">
      <Filter>FrameWork\GameObject\Player</Filter>
    </ClInclude>
    <ClInclude Include="GameControllers\SceneManager.h">
      <Filter>FrameWork\GameController</Filter>
    </ClInclude>
    <ClInclude Include="GameComponents\GameCollision.h">
      <Filter>FrameWork\GameComponent\GameCollision</Filter>
    </ClInclude>
    <ClInclude Include="GameComponents\Game.h">
      <Filter>FrameWork\GameComponent\Game</Filter>
    </ClInclude>
    <ClInclude Include="GameDefines\GameDefine.h">
      <Filter>FrameWork\GameDefine</Filter>
    </ClInclude>
    <ClInclude Include="GameComponents\GameGlobal.h">
      <Filter>FrameWork\GameComponent\GameGlobal</Filter>
    </ClInclude>
    <ClInclude Include="GameComponents\GameMap.h">
      <Filter>FrameWork\GameComponent\GameMap</Filter>
    </ClInclude>
    <ClInclude Include="GameComponents\GameTime.h">
      <Filter>FrameWork\GameComponent\GameTime</Filter>
    </ClInclude>
    <ClInclude Include="GameComponents\QuadTree.h">
      <Filter>FrameWork\GameComponent\Quadtree</Filter>
    </ClInclude>
    <ClInclude Include="GameComponents\Sprite.h">
      <Filter>FrameWork\GameComponent\Sprite</Filter>
    </ClInclude>
    <ClInclude Include="FrameWork.h">
      <Filter>FrameWork</Filter>
    </ClInclude>
  </ItemGroup>
  <ItemGroup>
    <ClCompile Include="wMain.cpp" />
    <ClCompile Include="MapReader\base64.cpp">
      <Filter>FrameWork\MapReader</Filter>
    </ClCompile>
    <ClCompile Include="MapReader\miniz.c">
      <Filter>FrameWork\MapReader</Filter>
    </ClCompile>
    <ClCompile Include="MapReader\tinyxml2.cpp">
      <Filter>FrameWork\MapReader</Filter>
    </ClCompile>
    <ClCompile Include="MapReader\TmxEllipse.cpp">
      <Filter>FrameWork\MapReader</Filter>
    </ClCompile>
    <ClCompile Include="MapReader\TmxImage.cpp">
      <Filter>FrameWork\MapReader</Filter>
    </ClCompile>
    <ClCompile Include="MapReader\TmxImageLayer.cpp">
      <Filter>FrameWork\MapReader</Filter>
    </ClCompile>
    <ClCompile Include="MapReader\TmxLayer.cpp">
      <Filter>FrameWork\MapReader</Filter>
    </ClCompile>
    <ClCompile Include="MapReader\TmxMap.cpp">
      <Filter>FrameWork\MapReader</Filter>
    </ClCompile>
    <ClCompile Include="MapReader\TmxObject.cpp">
      <Filter>FrameWork\MapReader</Filter>
    </ClCompile>
    <ClCompile Include="MapReader\TmxObjectGroup.cpp">
      <Filter>FrameWork\MapReader</Filter>
    </ClCompile>
    <ClCompile Include="MapReader\TmxPolygon.cpp">
      <Filter>FrameWork\MapReader</Filter>
    </ClCompile>
    <ClCompile Include="MapReader\TmxPolyline.cpp">
      <Filter>FrameWork\MapReader</Filter>
    </ClCompile>
    <ClCompile Include="MapReader\TmxPropertySet.cpp">
      <Filter>FrameWork\MapReader</Filter>
    </ClCompile>
    <ClCompile Include="MapReader\TmxTerrain.cpp">
      <Filter>FrameWork\MapReader</Filter>
    </ClCompile>
    <ClCompile Include="MapReader\TmxTerrainArray.cpp">
      <Filter>FrameWork\MapReader</Filter>
    </ClCompile>
    <ClCompile Include="MapReader\TmxTile.cpp">
      <Filter>FrameWork\MapReader</Filter>
    </ClCompile>
    <ClCompile Include="MapReader\TmxTileLayer.cpp">
      <Filter>FrameWork\MapReader</Filter>
    </ClCompile>
    <ClCompile Include="MapReader\TmxTileOffset.cpp">
      <Filter>FrameWork\MapReader</Filter>
    </ClCompile>
    <ClCompile Include="MapReader\TmxTileset.cpp">
      <Filter>FrameWork\MapReader</Filter>
    </ClCompile>
    <ClCompile Include="MapReader\TmxUtil.cpp">
      <Filter>FrameWork\MapReader</Filter>
    </ClCompile>
    <ClCompile Include="Input\Input.cpp">
      <Filter>FrameWork\GameComponent\Input</Filter>
    </ClCompile>
    <ClCompile Include="GameComponents\Animation.cpp">
      <Filter>FrameWork\GameComponent\Animation</Filter>
    </ClCompile>
    <ClCompile Include="GameComponents\Camera.cpp">
      <Filter>FrameWork\GameComponent\Camera</Filter>
    </ClCompile>
    <ClCompile Include="Scenes\DemoScene.cpp">
      <Filter>FrameWork\Scenes</Filter>
    </ClCompile>
    <ClCompile Include="GameComponents\Scene.cpp">
      <Filter>FrameWork\Scenes</Filter>
    </ClCompile>
    <ClCompile Include="GameObjects\Entity.cpp">
      <Filter>FrameWork\GameObject</Filter>
    </ClCompile>
    <ClCompile Include="GameObjects\MapObjects\Brick.cpp">
      <Filter>FrameWork\GameObject\MapObject</Filter>
    </ClCompile>
    <ClCompile Include="GameObjects\MapObjects\BrickGold.cpp">
      <Filter>FrameWork\GameObject\MapObject</Filter>
    </ClCompile>
    <ClCompile Include="GameObjects\MapObjects\BrickNormal.cpp">
      <Filter>FrameWork\GameObject\MapObject</Filter>
    </ClCompile>
    <ClCompile Include="GameObjects\MapObjects\GameObject.cpp">
      <Filter>FrameWork\GameObject\MapObject</Filter>
    </ClCompile>
    <ClCompile Include="GameObjects\Player\Player.cpp">
      <Filter>FrameWork\GameObject\Player</Filter>
    </ClCompile>
    <ClCompile Include="GameObjects\Player\PlayerData.cpp">
      <Filter>FrameWork\GameObject\Player</Filter>
    </ClCompile>
    <ClCompile Include="GameObjects\Player\PlayerFallingState.cpp">
      <Filter>FrameWork\GameObject\Player</Filter>
    </ClCompile>
    <ClCompile Include="GameObjects\Player\PlayerJumpingState.cpp">
      <Filter>FrameWork\GameObject\Player</Filter>
    </ClCompile>
    <ClCompile Include="GameObjects\Player\PlayerRunningState.cpp">
      <Filter>FrameWork\GameObject\Player</Filter>
    </ClCompile>
    <ClCompile Include="GameObjects\Player\PlayerStandingState.cpp">
      <Filter>FrameWork\GameObject\Player</Filter>
    </ClCompile>
    <ClCompile Include="GameObjects\Player\PlayerState.cpp">
      <Filter>FrameWork\GameObject\Player</Filter>
    </ClCompile>
    <ClCompile Include="GameControllers\SceneManager.cpp">
      <Filter>FrameWork\GameController</Filter>
    </ClCompile>
    <ClCompile Include="GameComponents\GameCollision.cpp">
      <Filter>FrameWork\GameComponent\GameCollision</Filter>
    </ClCompile>
    <ClCompile Include="GameComponents\Game.cpp">
      <Filter>FrameWork\GameComponent\Game</Filter>
    </ClCompile>
    <ClCompile Include="GameComponents\GameGlobal.cpp">
      <Filter>FrameWork\GameComponent\GameGlobal</Filter>
    </ClCompile>
    <ClCompile Include="GameComponents\GameMap.cpp">
      <Filter>FrameWork\GameComponent\GameMap</Filter>
    </ClCompile>
    <ClCompile Include="GameComponents\GameTime.cpp">
      <Filter>FrameWork\GameComponent\GameTime</Filter>
    </ClCompile>
    <ClCompile Include="GameComponents\QuadTree.cpp">
      <Filter>FrameWork\GameComponent\Quadtree</Filter>
    </ClCompile>
    <ClCompile Include="GameComponents\Sprite.cpp">
      <Filter>FrameWork\GameComponent\Sprite</Filter>
    </ClCompile>
    <ClCompile Include="FrameWork.cpp">
      <Filter>FrameWork</Filter>
    </ClCompile>
  </ItemGroup>
  <ItemGroup>
    <None Include="MapReader\Tmx.h.in">
      <Filter>FrameWork\MapReader</Filter>
    </None>
  </ItemGroup>
</Project>